
Microsoft Visual Studio Solution File, Format Version 12.00
# Visual Studio Version 17
VisualStudioVersion = 17.1.32421.90
MinimumVisualStudioVersion = 10.0.40219.1
Project("{FAE04EC0-301F-11D3-BF4B-00C04F79EFBC}") = "1.BookManagementSystem", "1.BookManagementSystem\1.BookManagementSystem.csproj", "{912ABF32-DFDF-4FE0-9BD5-2DAA50C49B9F}"
EndProject
Project("{FAE04EC0-301F-11D3-BF4B-00C04F79EFBC}") = "2.test_BookManagementSystem", "2.test_BookManagementSystem\2.test_BookManagementSystem.csproj", "{B09728D0-E155-48B8-A3D8-EF94D0D8B8CB}"
EndProject
Global
	GlobalSection(SolutionConfigurationPlatforms) = preSolution
		Debug|Any CPU = Debug|Any CPU
		Debug|x64 = Debug|x64
		Release|Any CPU = Release|Any CPU
		Release|x64 = Release|x64
	EndGlobalSection
	GlobalSection(ProjectConfigurationPlatforms) = postSolution
		{912ABF32-DFDF-4FE0-9BD5-2DAA50C49B9F}.Debug|Any CPU.ActiveCfg = Debug|Any CPU
		{912ABF32-DFDF-4FE0-9BD5-2DAA50C49B9F}.Debug|Any CPU.Build.0 = Debug|Any CPU
		{912ABF32-DFDF-4FE0-9BD5-2DAA50C49B9F}.Debug|x64.ActiveCfg = Debug|Any CPU
		{912ABF32-DFDF-4FE0-9BD5-2DAA50C49B9F}.Debug|x64.Build.0 = Debug|Any CPU
		{912ABF32-DFDF-4FE0-9BD5-2DAA50C49B9F}.Release|Any CPU.ActiveCfg = Release|Any CPU
		{912ABF32-DFDF-4FE0-9BD5-2DAA50C49B9F}.Release|Any CPU.Build.0 = Release|Any CPU
		{912ABF32-DFDF-4FE0-9BD5-2DAA50C49B9F}.Release|x64.ActiveCfg = Release|Any CPU
		{912ABF32-DFDF-4FE0-9BD5-2DAA50C49B9F}.Release|x64.Build.0 = Release|Any CPU
		{B09728D0-E155-48B8-A3D8-EF94D0D8B8CB}.Debug|Any CPU.ActiveCfg = Debug|Any CPU
		{B09728D0-E155-48B8-A3D8-EF94D0D8B8CB}.Debug|Any CPU.Build.0 = Debug|Any CPU
		{B09728D0-E155-48B8-A3D8-EF94D0D8B8CB}.Debug|x64.ActiveCfg = Debug|x64
		{B09728D0-E155-48B8-A3D8-EF94D0D8B8CB}.Debug|x64.Build.0 = Debug|x64
		{B09728D0-E155-48B8-A3D8-EF94D0D8B8CB}.Release|Any CPU.ActiveCfg = Release|Any CPU
		{B09728D0-E155-48B8-A3D8-EF94D0D8B8CB}.Release|Any CPU.Build.0 = Release|Any CPU
		{B09728D0-E155-48B8-A3D8-EF94D0D8B8CB}.Release|x64.ActiveCfg = Release|x64
		{B09728D0-E155-48B8-A3D8-EF94D0D8B8CB}.Release|x64.Build.0 = Release|x64
	EndGlobalSection
	GlobalSection(SolutionProperties) = preSolution
		HideSolutionNode = FALSE
	EndGlobalSection
	GlobalSection(ExtensibilityGlobals) = postSolution
		SolutionGuid = {EA0A3FFF-FD40-429B-87BC-C983492FF668}
	EndGlobalSection
EndGlobal
